
Microsoft Visual Studio Solution File, Format Version 12.00
# Visual Studio Version 16
VisualStudioVersion = 16.0.31019.35
MinimumVisualStudioVersion = 10.0.40219.1
Project("{FAE04EC0-301F-11D3-BF4B-00C04F79EFBC}") = "Memento", "Memento\Memento.csproj", "{B2B6FE36-6285-4EAC-931F-26810C606802}"
EndProject
Global
	GlobalSection(SolutionConfigurationPlatforms) = preSolution
		Debug|Any CPU = Debug|Any CPU
		Release|Any CPU = Release|Any CPU
	EndGlobalSection
	GlobalSection(ProjectConfigurationPlatforms) = postSolution
		{B2B6FE36-6285-4EAC-931F-26810C606802}.Debug|Any CPU.ActiveCfg = Debug|Any CPU
		{B2B6FE36-6285-4EAC-931F-26810C606802}.Debug|Any CPU.Build.0 = Debug|Any CPU
		{B2B6FE36-6285-4EAC-931F-26810C606802}.Release|Any CPU.ActiveCfg = Release|Any CPU
		{B2B6FE36-6285-4EAC-931F-26810C606802}.Release|Any CPU.Build.0 = Release|Any CPU
	EndGlobalSection
	GlobalSection(SolutionProperties) = preSolution
		HideSolutionNode = FALSE
	EndGlobalSection
	GlobalSection(ExtensibilityGlobals) = postSolution
		SolutionGuid = {4F5BEF42-7EB0-4B85-9DED-DEB7530E4926}
	EndGlobalSection
EndGlobal
